
Microsoft Visual Studio Solution File, Format Version 12.00
# Visual Studio Version 17
VisualStudioVersion = 17.6.33815.320
MinimumVisualStudioVersion = 10.0.40219.1
Project("{9A19103F-16F7-4668-BE54-9A1E7A4F7556}") = "LogTransfomer", "LogTransfomer.csproj", "{B835124B-6CF7-4B37-A20B-4D3682C9A47A}"
EndProject
Global
	GlobalSection(SolutionConfigurationPlatforms) = preSolution
		Debug|Any CPU = Debug|Any CPU
		Release|Any CPU = Release|Any CPU
	EndGlobalSection
	GlobalSection(ProjectConfigurationPlatforms) = postSolution
		{B835124B-6CF7-4B37-A20B-4D3682C9A47A}.Debug|Any CPU.ActiveCfg = Debug|Any CPU
		{B835124B-6CF7-4B37-A20B-4D3682C9A47A}.Debug|Any CPU.Build.0 = Debug|Any CPU
		{B835124B-6CF7-4B37-A20B-4D3682C9A47A}.Release|Any CPU.ActiveCfg = Release|Any CPU
		{B835124B-6CF7-4B37-A20B-4D3682C9A47A}.Release|Any CPU.Build.0 = Release|Any CPU
	EndGlobalSection
	GlobalSection(SolutionProperties) = preSolution
		HideSolutionNode = FALSE
	EndGlobalSection
	GlobalSection(ExtensibilityGlobals) = postSolution
		SolutionGuid = {B45D0365-B505-4BA0-AF4D-86758154123B}
	EndGlobalSection
EndGlobal
